{
  "nodes": {
    "android-device-samsung-e3q": {
      "flake": false,
      "locked": {
        "lastModified": 1784530117,
        "narHash": "sha256-S8bdOkc2hLD/QFunEt1DFaxSvNFzFPv33CIDBTaFhLI=",
        "owner": "Exynoobs",
        "repo": "android_device_samsung_e3q",
        "rev": "25249e5ff05e35b01362bff2aba83fd9e9f0c7b3",
        "type": "github"
      },
      "original": {
        "owner": "Exynoobs",
        "ref": "lineage-23.2",
        "repo": "android_device_samsung_e3q",
        "type": "github"
      }
    },
    "android-device-samsung-slsi-sepolicy": {
      "flake": false,
      "locked": {
        "lastModified": 1783596865,
        "narHash": "sha256-06O4nEwxMjOyeH5EKKrYClSxgyhrP+sbYVb4Ogz30f4=",
        "owner": "LineageOS",
        "repo": "android_device_samsung_slsi_sepolicy",
        "rev": "ce8096704e3adff6df7c12cc42518f9e244b3cf4",
        "type": "github"
      },
      "original": {
        "owner": "LineageOS",
        "ref": "lineage-23.2",
        "repo": "android_device_samsung_slsi_sepolicy",
        "type": "github"
      }
    },
    "android-device-samsung-sm8650-common": {
      "flake": false,
      "locked": {
        "lastModified": 1785493758,
        "narHash": "sha256-WfHntbDhq33vQzKgaLCSpI63HNdsE+ZqTophAz9k1z0=",
        "owner": "Exynoobs",
        "repo": "android_device_samsung_sm8650-common",
        "rev": "50768948ec801e967543c7381dd52b00d94b6ff2",
        "type": "github"
      },
      "original": {
        "owner": "Exynoobs",
        "ref": "lineage-23.2",
        "repo": "android_device_samsung_sm8650-common",
        "type": "github"
      }
    },
    "android-hardware-samsung": {
      "flake": false,
      "locked": {
        "lastModified": 1782324607,
        "narHash": "sha256-9cw9ufPHr58dQcpe4ZzZhUswHLyR+UI8lE1hIoiQlyk=",
        "owner": "LineageOS",
        "repo": "android_hardware_samsung",
        "rev": "147603411af80cd956a23c5fd9fa5fbd44559320",
        "type": "github"
      },
      "original": {
        "owner": "LineageOS",
        "ref": "lineage-23.2",
        "repo": "android_hardware_samsung",
        "type": "github"
      }
    },
    "android-kernel-samsung-sm8650": {
      "flake": false,
      "locked": {
        "lastModified": 1784478564,
        "narHash": "sha256-oWKjMsmqAfSbIBmHGngOudXkwbzc6hiizjCGw3SPx/4=",
        "owner": "Exynoobs",
        "repo": "android_kernel_samsung_sm8650",
        "rev": "6973a5fa3318e469f1afcf1b4229bbe4515afbef",
        "type": "github"
      },
      "original": {
        "owner": "Exynoobs",
        "ref": "lineage-23.2",
        "repo": "android_kernel_samsung_sm8650",
        "type": "github"
      }
    },
    "android-kernel-samsung-sm8650-devicetrees": {
      "flake": false,
      "locked": {
        "lastModified": 1766247125,
        "narHash": "sha256-ZLzWOFXD0onPFEJZ9OPyxGUcYZWCO6BL6fHuLEZKkl8=",
        "ref": "lineage-23.2",
        "rev": "d2515d4ca09f64bd795747f91c8b11e338cb4d65",
        "revCount": 1,
        "type": "git",
        "url": "https://codeberg.org/samsung-sm8650/android_kernel_samsung_sm8650-devicetrees"
      },
      "original": {
        "ref": "lineage-23.2",
        "type": "git",
        "url": "https://codeberg.org/samsung-sm8650/android_kernel_samsung_sm8650-devicetrees"
      }
    },
    "android-kernel-samsung-sm8650-modules": {
      "flake": false,
      "locked": {
        "lastModified": 1783766035,
        "narHash": "sha256-IHy/es0gL0URD9lCr1WvxTtxZTq2OpmHdfggtQl7p6Q=",
        "owner": "samsung-sm8650",
        "repo": "android_kernel_samsung_sm8650-modules",
        "rev": "3e11ddcb2b63ce5af65e229e4f340ba6221bddee",
        "type": "github"
      },
      "original": {
        "owner": "samsung-sm8650",
        "ref": "lineage-23.2",
        "repo": "android_kernel_samsung_sm8650-modules",
        "type": "github"
      }
    },
    "android-vendor-partner-gms": {
      "flake": false,
      "locked": {
        "lastModified": 1785967208,
        "narHash": "sha256-lzb9r5MrgiRxUj/8hN9h6/av/wxCK1MpSZqRdRGm0cA=",
        "ref": "main",
        "rev": "7fe7f50bbef775e31295d26318d508b1aef28c28",
        "revCount": 223,
        "type": "git",
        "url": "https://gitlab.com/itsvixano-dev/android/lineageos-personal/android_vendor_partner_gms.git"
      },
      "original": {
        "ref": "main",
        "type": "git",
        "url": "https://gitlab.com/itsvixano-dev/android/lineageos-personal/android_vendor_partner_gms.git"
      }
    },
    "androidPkgs": {
      "inputs": {
        "devshell": "devshell",
        "flake-utils": "flake-utils",
        "nixpkgs": "nixpkgs_2"
      },
      "locked": {
        "lastModified": 1772483881,
        "narHash": "sha256-qqM94h8oArFngEjkwfRR/13hWeC0cmydxy5LuhJsNvo=",
        "owner": "tadfisher",
        "repo": "android-nixpkgs",
        "rev": "14c94be0575cd738174263df6b56efe0c645deaf",
        "type": "github"
      },
      "original": {
        "owner": "tadfisher",
        "ref": "stable",
        "repo": "android-nixpkgs",
        "type": "github"
      }
    },
    "devshell": {
      "inputs": {
        "nixpkgs": [
          "robotnix",
          "androidPkgs",
          "nixpkgs"
        ]
      },
      "locked": {
        "lastModified": 1768818222,
        "narHash": "sha256-460jc0+CZfyaO8+w8JNtlClB2n4ui1RbHfPTLkpwhU8=",
        "owner": "numtide",
        "repo": "devshell",
        "rev": "255a2b1725a20d060f566e4755dbf571bbbb5f76",
        "type": "github"
      },
      "original": {
        "owner": "numtide",
        "repo": "devshell",
        "type": "github"
      }
    },
    "flake-compat": {
      "locked": {
        "lastModified": 1761640442,
        "narHash": "sha256-AtrEP6Jmdvrqiv4x2xa5mrtaIp3OEe8uBYCDZDS+hu8=",
        "owner": "nix-community",
        "repo": "flake-compat",
        "rev": "4a56054d8ffc173222d09dad23adf4ba946c8884",
        "type": "github"
      },
      "original": {
        "owner": "nix-community",
        "repo": "flake-compat",
        "type": "github"
      }
    },
    "flake-utils": {
      "inputs": {
        "systems": "systems"
      },
      "locked": {
        "lastModified": 1731533236,
        "narHash": "sha256-l0KFg5HjrsfsO/JpG+r7fRrqm12kzFHyUHqHCVpMMbI=",
        "owner": "numtide",
        "repo": "flake-utils",
        "rev": "11707dc2f618dd54ca8739b309ec4fc024de578b",
        "type": "github"
      },
      "original": {
        "owner": "numtide",
        "repo": "flake-utils",
        "type": "github"
      }
    },
    "lindroid-drm-loopback": {
      "flake": false,
      "locked": {
        "lastModified": 1782329076,
        "narHash": "sha256-mEJ3LY4lNoWLaFz9ANfRAzZpOaTJnkbZwBR0Oe1pyyg=",
        "owner": "Linux-on-droid",
        "repo": "lindroid-drm-loopback",
        "rev": "d3b85f3251beae4bc8481538f37d13b7f30abde0",
        "type": "github"
      },
      "original": {
        "owner": "Linux-on-droid",
        "ref": "master",
        "repo": "lindroid-drm-loopback",
        "type": "github"
      }
    },
    "lindroid-external-lxc": {
      "flake": false,
      "locked": {
        "lastModified": 1732410532,
        "narHash": "sha256-lh/YEh1ubAW51GKFZiraQZqbGGkdT6zuSVunDRAaKbE=",
        "owner": "Linux-on-droid",
        "repo": "external_lxc",
        "rev": "4e3a3630fff3dc04e0d4a761309f87f248e40b17",
        "type": "github"
      },
      "original": {
        "owner": "Linux-on-droid",
        "ref": "lindroid-21",
        "repo": "external_lxc",
        "type": "github"
      }
    },
    "lindroid-libhybris": {
      "flake": false,
      "locked": {
        "lastModified": 1780085779,
        "narHash": "sha256-5Ji9R1M0PKNWb8mQyMESQAI2qRli2GMIIMMVDsjZ7NE=",
        "owner": "Linux-on-droid",
        "repo": "libhybris",
        "rev": "29e0fa6da0166261f6b9437582fe2d56bab8530c",
        "type": "github"
      },
      "original": {
        "owner": "Linux-on-droid",
        "ref": "lindroid-21",
        "repo": "libhybris",
        "type": "github"
      }
    },
    "lindroid-vendor": {
      "flake": false,
      "locked": {
        "lastModified": 1783009062,
        "narHash": "sha256-hCzokst8gNIODntQgVIBbB/X7R9Rud71BdEIlyOEk3k=",
        "owner": "Linux-on-droid",
        "repo": "vendor_lindroid",
        "rev": "eadbb70f13209133d96a5355464388db8c6578de",
        "type": "github"
      },
      "original": {
        "owner": "Linux-on-droid",
        "ref": "lindroid-22.1",
        "repo": "vendor_lindroid",
        "type": "github"
      }
    },
    "nixpkgs": {
      "locked": {
        "lastModified": 1785967620,
        "narHash": "sha256-IItrdb7Puk05RqOBWZYFC5X6Wl1sJmCfh5MWVHw5iMM=",
        "owner": "NixOS",
        "repo": "nixpkgs",
        "rev": "b7c2ada94fe99c15b0dbcf4d11fd7850b957a436",
        "type": "github"
      },
      "original": {
        "owner": "NixOS",
        "ref": "nixos-unstable",
        "repo": "nixpkgs",
        "type": "github"
      }
    },
    "nixpkgs-nixfmt-old": {
      "locked": {
        "lastModified": 1750622754,
        "narHash": "sha256-kMhs+YzV4vPGfuTpD3mwzibWUE6jotw5Al2wczI0Pv8=",
        "owner": "NixOS",
        "repo": "nixpkgs",
        "rev": "c7ab75210cb8cb16ddd8f290755d9558edde7ee1",
        "type": "github"
      },
      "original": {
        "owner": "NixOS",
        "repo": "nixpkgs",
        "rev": "c7ab75210cb8cb16ddd8f290755d9558edde7ee1",
        "type": "github"
      }
    },
    "nixpkgs_2": {
      "locked": {
        "lastModified": 1772433332,
        "narHash": "sha256-izhTDFKsg6KeVBxJS9EblGeQ8y+O8eCa6RcW874vxEc=",
        "owner": "NixOS",
        "repo": "nixpkgs",
        "rev": "cf59864ef8aa2e178cccedbe2c178185b0365705",
        "type": "github"
      },
      "original": {
        "owner": "NixOS",
        "ref": "nixos-unstable",
        "repo": "nixpkgs",
        "type": "github"
      }
    },
    "nixpkgs_3": {
      "locked": {
        "lastModified": 1772433332,
        "narHash": "sha256-izhTDFKsg6KeVBxJS9EblGeQ8y+O8eCa6RcW874vxEc=",
        "owner": "NixOS",
        "repo": "nixpkgs",
        "rev": "cf59864ef8aa2e178cccedbe2c178185b0365705",
        "type": "github"
      },
      "original": {
        "owner": "NixOS",
        "ref": "nixos-unstable",
        "repo": "nixpkgs",
        "type": "github"
      }
    },
    "proprietary-vendor-samsung-e3q": {
      "flake": false,
      "locked": {
        "lastModified": 1773318506,
        "narHash": "sha256-DD28TiPPZ6dnBPR7CRuooUppVvVv07MctAxKVmA7/7I=",
        "ref": "lineage-23.2",
        "rev": "87c0932e5f14f5109520763fe21a8a7a0a241618",
        "revCount": 1,
        "type": "git",
        "url": "https://codeberg.org/samsung-sm8650/proprietary_vendor_samsung_e3q"
      },
      "original": {
        "ref": "lineage-23.2",
        "type": "git",
        "url": "https://codeberg.org/samsung-sm8650/proprietary_vendor_samsung_e3q"
      }
    },
    "proprietary-vendor-samsung-sm8650-common": {
      "flake": false,
      "locked": {
        "lastModified": 1773318690,
        "narHash": "sha256-yEnJYuZ09WRBe+V3MKWlfcHZyh566QfJmLT4WqFeRvU=",
        "ref": "lineage-23.2",
        "rev": "88e5d24009defa1f20a3635ec84032414db5c870",
        "revCount": 1,
        "type": "git",
        "url": "https://codeberg.org/samsung-sm8650/proprietary_vendor_samsung_sm8650-common"
      },
      "original": {
        "ref": "lineage-23.2",
        "type": "git",
        "url": "https://codeberg.org/samsung-sm8650/proprietary_vendor_samsung_sm8650-common"
      }
    },
    "robotnix": {
      "inputs": {
        "androidPkgs": "androidPkgs",
        "flake-compat": "flake-compat",
        "nixpkgs": "nixpkgs_3",
        "nixpkgs-nixfmt-old": "nixpkgs-nixfmt-old",
        "treefmt-nix": "treefmt-nix"
      },
      "locked": {
        "lastModified": 1784932973,
        "narHash": "sha256-QnXsxkRONfZM/D7utoV2WSqhRT9NIWCFWDGE0Xa9pX4=",
        "owner": "ungeskriptet",
        "repo": "robotnix",
        "rev": "40c0cb737fe5b973b3628953dd7b5936128bac35",
        "type": "github"
      },
      "original": {
        "owner": "ungeskriptet",
        "ref": "lineage-update",
        "repo": "robotnix",
        "type": "github"
      }
    },
    "root": {
      "inputs": {
        "android-device-samsung-e3q": "android-device-samsung-e3q",
        "android-device-samsung-slsi-sepolicy": "android-device-samsung-slsi-sepolicy",
        "android-device-samsung-sm8650-common": "android-device-samsung-sm8650-common",
        "android-hardware-samsung": "android-hardware-samsung",
        "android-kernel-samsung-sm8650": "android-kernel-samsung-sm8650",
        "android-kernel-samsung-sm8650-devicetrees": "android-kernel-samsung-sm8650-devicetrees",
        "android-kernel-samsung-sm8650-modules": "android-kernel-samsung-sm8650-modules",
        "android-vendor-partner-gms": "android-vendor-partner-gms",
        "lindroid-drm-loopback": "lindroid-drm-loopback",
        "lindroid-external-lxc": "lindroid-external-lxc",
        "lindroid-libhybris": "lindroid-libhybris",
        "lindroid-vendor": "lindroid-vendor",
        "nixpkgs": "nixpkgs",
        "proprietary-vendor-samsung-e3q": "proprietary-vendor-samsung-e3q",
        "proprietary-vendor-samsung-sm8650-common": "proprietary-vendor-samsung-sm8650-common",
        "robotnix": "robotnix"
      }
    },
    "systems": {
      "locked": {
        "lastModified": 1681028828,
        "narHash": "sha256-Vy1rq5AaRuLzOxct8nz4T6wlgyUR7zLU309k9mBC768=",
        "owner": "nix-systems",
        "repo": "default",
        "rev": "da67096a3b9bf56a91d16901293e51ba5b49a27e",
        "type": "github"
      },
      "original": {
        "owner": "nix-systems",
        "repo": "default",
        "type": "github"
      }
    },
    "treefmt-nix": {
      "inputs": {
        "nixpkgs": [
          "robotnix",
          "nixpkgs"
        ]
      },
      "locked": {
        "lastModified": 1770228511,
        "narHash": "sha256-wQ6NJSuFqAEmIg2VMnLdCnUc0b7vslUohqqGGD+Fyxk=",
        "owner": "numtide",
        "repo": "treefmt-nix",
        "rev": "337a4fe074be1042a35086f15481d763b8ddc0e7",
        "type": "github"
      },
      "original": {
        "owner": "numtide",
        "repo": "treefmt-nix",
        "type": "github"
      }
    }
  },
  "root": "root",
  "version": 7
}
