{
  "nodes": {
    "android-device-samsung-e3q": {
      "flake": false,
      "locked": {
        "lastModified": 1784530117,
        "narHash": "sha256-S8bdOkc2hLD/QFunEt1DFaxSvNFzFPv33CIDBTaFhLI=",
        "owner": "Exynoobs",
        "repo": "android_device_samsung_e3q",
        "rev": "25249e5ff05e35b01362bff2aba83fd9e9f0c7b3",
        "type": "github"
      },
      "original": {
        "owner": "Exynoobs",
        "ref": "lineage-23.2",
        "repo": "android_device_samsung_e3q",
        "type": "github"
      }
    },
    "android-device-samsung-slsi-sepolicy": {
      "flake": false,
      "locked": {
        "lastModified": 1788785703,
        "narHash": "sha256-fQkmhl+4g2LYAGiXy8XTPdp9G11qG/BbFMj6ZQ9CRGM=",
        "owner": "LineageOS",
        "repo": "android_device_samsung_slsi_sepolicy",
        "rev": "8ff62b4b9876dec8039f108a2a55e5decb8938b0",
        "type": "github"
      },
      "original": {
        "owner": "LineageOS",
        "ref": "lineage-23.2",
        "repo": "android_device_samsung_slsi_sepolicy",
        "type": "github"
      }
    },
    "android-device-samsung-sm8650-common": {
      "flake": false,
      "locked": {
        "lastModified": 1786974489,
        "narHash": "sha256-SeCM1DQzqB6zpoLaR3HyniW7QEHUqRB3B0kZJk6ZcNU=",
        "owner": "Exynoobs",
        "repo": "android_device_samsung_sm8650-common",
        "rev": "c8223afcf75253bb057de086add24db4ed025a74",
        "type": "github"
      },
      "original": {
        "owner": "Exynoobs",
        "ref": "lineage-23.2",
        "repo": "android_device_samsung_sm8650-common",
        "type": "github"
      }
    },
    "android-hardware-samsung": {
      "flake": false,
      "locked": {
        "lastModified": 1785493946,
        "narHash": "sha256-Ng4pxtVKXBBUrSPSfD5R1vmpokQunjaUFzbaaK8xtCQ=",
        "owner": "Exynoobs",
        "repo": "android_hardware_samsung",
        "rev": "1bd152ac7b18b2e4f66ae48f5ea337d69232b4eb",
        "type": "github"
      },
      "original": {
        "owner": "Exynoobs",
        "ref": "lineage-23.2-openeuicc",
        "repo": "android_hardware_samsung",
        "type": "github"
      }
    },
    "android-kernel-samsung-sm8650": {
      "flake": false,
      "locked": {
        "lastModified": 1784478564,
        "narHash": "sha256-oWKjMsmqAfSbIBmHGngOudXkwbzc6hiizjCGw3SPx/4=",
        "owner": "Exynoobs",
        "repo": "android_kernel_samsung_sm8650",
        "rev": "6973a5fa3318e469f1afcf1b4229bbe4515afbef",
        "type": "github"
      },
      "original": {
        "owner": "Exynoobs",
        "ref": "lineage-23.2",
        "repo": "android_kernel_samsung_sm8650",
        "type": "github"
      }
    },
    "android-kernel-samsung-sm8650-devicetrees": {
      "flake": false,
      "locked": {
        "lastModified": 1779388744,
        "narHash": "sha256-IYB15pAUd/s4dLHdlRB7DXmoTl3p+gxMHeq7lkKcB3w=",
        "owner": "Exynoobs",
        "repo": "android_kernel_samsung_sm8650-devicetrees",
        "rev": "18278145a35bd63548656abb25508ad4269d4a30",
        "type": "github"
      },
      "original": {
        "owner": "Exynoobs",
        "ref": "lineage-23.2",
        "repo": "android_kernel_samsung_sm8650-devicetrees",
        "type": "github"
      }
    },
    "android-kernel-samsung-sm8650-modules": {
      "flake": false,
      "locked": {
        "lastModified": 1784370219,
        "narHash": "sha256-YJdPs8EypMnvf6Fujevv7YqwvdEYogye3P2H9e1pv2Q=",
        "owner": "Exynoobs",
        "repo": "android_kernel_samsung_sm8650-modules",
        "rev": "adce00f751e5bfbde9461d79f7537915a79254c9",
        "type": "github"
      },
      "original": {
        "owner": "Exynoobs",
        "ref": "lineage-23.2",
        "repo": "android_kernel_samsung_sm8650-modules",
        "type": "github"
      }
    },
    "android-vendor-extra": {
      "flake": false,
      "locked": {
        "lastModified": 1788809849,
        "narHash": "sha256-rAk+VzFtxjQ5cegsc5ZbSGffZoB5F1vXip3CzZGOfK0=",
        "rev": "d5849ee76bc6aa70bb9c0d6a5fa7c917a789c537",
        "type": "tarball",
        "url": "https://codeberg.org/api/v1/repos/ungeskriptet/android_vendor_extra/archive/d5849ee76bc6aa70bb9c0d6a5fa7c917a789c537.tar.gz"
      },
      "original": {
        "type": "tarball",
        "url": "https://codeberg.org/ungeskriptet/android_vendor_extra/archive/master.tar.gz"
      }
    },
    "android-vendor-partner-gms": {
      "flake": false,
      "locked": {
        "lastModified": 1787760534,
        "narHash": "sha256-iHyND3mG59+lDRBDAgcA08+vJ9FGt/myiI7Bwnch+mQ=",
        "ref": "main",
        "rev": "72cbf0db91be2755ce3a94a7333e95659dc0f4ac",
        "revCount": 225,
        "type": "git",
        "url": "https://gitlab.com/itsvixano-dev/android/lineageos-personal/android_vendor_partner_gms.git"
      },
      "original": {
        "ref": "main",
        "type": "git",
        "url": "https://gitlab.com/itsvixano-dev/android/lineageos-personal/android_vendor_partner_gms.git"
      }
    },
    "androidPkgs": {
      "inputs": {
        "devshell": "devshell",
        "flake-utils": "flake-utils",
        "nixpkgs": "nixpkgs_2"
      },
      "locked": {
        "lastModified": 1772483881,
        "narHash": "sha256-qqM94h8oArFngEjkwfRR/13hWeC0cmydxy5LuhJsNvo=",
        "owner": "tadfisher",
        "repo": "android-nixpkgs",
        "rev": "14c94be0575cd738174263df6b56efe0c645deaf",
        "type": "github"
      },
      "original": {
        "owner": "tadfisher",
        "ref": "stable",
        "repo": "android-nixpkgs",
        "type": "github"
      }
    },
    "bellis": {
      "flake": false,
      "locked": {
        "lastModified": 1786114289,
        "narHash": "sha256-DUhJnI6F+lsGu2DQDAgtoSFOtEyNb9bWU37jYMqsEQc=",
        "owner": "CalyxOS",
        "repo": "platform_packages_apps_Bellis",
        "rev": "91e916c0d2aeba3afa9a7fd9a3965ff3af568372",
        "type": "github"
      },
      "original": {
        "owner": "CalyxOS",
        "ref": "android16-qpr2",
        "repo": "platform_packages_apps_Bellis",
        "type": "github"
      }
    },
    "devshell": {
      "inputs": {
        "nixpkgs": [
          "robotnix",
          "androidPkgs",
          "nixpkgs"
        ]
      },
      "locked": {
        "lastModified": 1768818222,
        "narHash": "sha256-460jc0+CZfyaO8+w8JNtlClB2n4ui1RbHfPTLkpwhU8=",
        "owner": "numtide",
        "repo": "devshell",
        "rev": "255a2b1725a20d060f566e4755dbf571bbbb5f76",
        "type": "github"
      },
      "original": {
        "owner": "numtide",
        "repo": "devshell",
        "type": "github"
      }
    },
    "flake-compat": {
      "locked": {
        "lastModified": 1761640442,
        "narHash": "sha256-AtrEP6Jmdvrqiv4x2xa5mrtaIp3OEe8uBYCDZDS+hu8=",
        "owner": "nix-community",
        "repo": "flake-compat",
        "rev": "4a56054d8ffc173222d09dad23adf4ba946c8884",
        "type": "github"
      },
      "original": {
        "owner": "nix-community",
        "repo": "flake-compat",
        "type": "github"
      }
    },
    "flake-utils": {
      "inputs": {
        "systems": "systems"
      },
      "locked": {
        "lastModified": 1731533236,
        "narHash": "sha256-l0KFg5HjrsfsO/JpG+r7fRrqm12kzFHyUHqHCVpMMbI=",
        "owner": "numtide",
        "repo": "flake-utils",
        "rev": "11707dc2f618dd54ca8739b309ec4fc024de578b",
        "type": "github"
      },
      "original": {
        "owner": "numtide",
        "repo": "flake-utils",
        "type": "github"
      }
    },
    "imsmedia": {
      "flake": false,
      "locked": {
        "lastModified": 1789055179,
        "narHash": "sha256-hu9wDXt0k2buk9haXaUjBWSZV4knI66DhpL1oXXleNY=",
        "owner": "krazey",
        "repo": "ImsMedia",
        "rev": "453d3bad6342fc041bc945e1d4db0b58cb3f6cb0",
        "type": "github"
      },
      "original": {
        "owner": "krazey",
        "ref": "main",
        "repo": "ImsMedia",
        "type": "github"
      }
    },
    "imsstack": {
      "flake": false,
      "locked": {
        "lastModified": 1788898390,
        "narHash": "sha256-skCv9k82nNjUlDGX0mD/JY/bUIlKmnC+pTEGDXe/rZQ=",
        "owner": "krazey",
        "repo": "ImsStack",
        "rev": "564148e7c9fdb412cb8b84b8c0ad18019a53e4d6",
        "type": "github"
      },
      "original": {
        "owner": "krazey",
        "ref": "main",
        "repo": "ImsStack",
        "type": "github"
      }
    },
    "imsstack-carrier-config-ext": {
      "flake": false,
      "locked": {
        "lastModified": 1788706243,
        "narHash": "sha256-GQU6ghBkeex+TJjuMuUmN2GcslSMlQ29Gq86uj9g1mw=",
        "owner": "krazey",
        "repo": "imsstack-carrier-config-ext",
        "rev": "92d0e9080e78f72ccccc08f0db888d13a422bb1c",
        "type": "github"
      },
      "original": {
        "owner": "krazey",
        "ref": "main",
        "repo": "imsstack-carrier-config-ext",
        "type": "github"
      }
    },
    "lindroid-drm-loopback": {
      "flake": false,
      "locked": {
        "lastModified": 1785851710,
        "narHash": "sha256-zgFigD1uzGS0350Ff5K+NqQD8k3//9/EdQ1fSzFpFEw=",
        "owner": "yaap",
        "repo": "kernel_oneplus_sm8650",
        "rev": "834d47f82b3035a42eb859a955e25b33f33c82ef",
        "type": "github"
      },
      "original": {
        "owner": "yaap",
        "ref": "sixteen",
        "repo": "kernel_oneplus_sm8650",
        "type": "github"
      }
    },
    "lindroid-external-lxc": {
      "flake": false,
      "locked": {
        "lastModified": 1754661935,
        "narHash": "sha256-Bh26+aoIJXgfaXfwOmQMagBNZFc8RGOExE+0/qU3Oxg=",
        "owner": "yaap",
        "repo": "external_lxc",
        "rev": "735d0864825851b4c8995b71e89fac8f408fb700",
        "type": "github"
      },
      "original": {
        "owner": "yaap",
        "ref": "sixteen",
        "repo": "external_lxc",
        "type": "github"
      }
    },
    "lindroid-libhybris": {
      "flake": false,
      "locked": {
        "lastModified": 1782142696,
        "narHash": "sha256-Oizx5WHRWUX4/uq6r/cttxV12Kyws9rLRXTdItd79l4=",
        "owner": "yaap",
        "repo": "libhybris",
        "rev": "3b182e5662850870a4b619005655422b0d030898",
        "type": "github"
      },
      "original": {
        "owner": "yaap",
        "ref": "sixteen",
        "repo": "libhybris",
        "type": "github"
      }
    },
    "lindroid-vendor": {
      "flake": false,
      "locked": {
        "lastModified": 1783006612,
        "narHash": "sha256-zvIFqnsl8rVEXcTTajkxIlUyMYkFh7vBjjmXaKZuh7Q=",
        "owner": "yaap",
        "repo": "vendor_lindroid",
        "rev": "748e59920f33083401336f624d62e66c6d0e3137",
        "type": "github"
      },
      "original": {
        "owner": "yaap",
        "ref": "sixteen",
        "repo": "vendor_lindroid",
        "type": "github"
      }
    },
    "nixpkgs": {
      "locked": {
        "lastModified": 1789149629,
        "narHash": "sha256-H6GwaZzZf+4npqv0tph94w9tZddSjFjmQrVsW0z78uk=",
        "owner": "NixOS",
        "repo": "nixpkgs",
        "rev": "eaad089433ca2bb662274377d33df3d0e51ef28b",
        "type": "github"
      },
      "original": {
        "owner": "NixOS",
        "ref": "nixos-unstable",
        "repo": "nixpkgs",
        "type": "github"
      }
    },
    "nixpkgs-nixfmt-old": {
      "locked": {
        "lastModified": 1750622754,
        "narHash": "sha256-kMhs+YzV4vPGfuTpD3mwzibWUE6jotw5Al2wczI0Pv8=",
        "owner": "NixOS",
        "repo": "nixpkgs",
        "rev": "c7ab75210cb8cb16ddd8f290755d9558edde7ee1",
        "type": "github"
      },
      "original": {
        "owner": "NixOS",
        "repo": "nixpkgs",
        "rev": "c7ab75210cb8cb16ddd8f290755d9558edde7ee1",
        "type": "github"
      }
    },
    "nixpkgs_2": {
      "locked": {
        "lastModified": 1772433332,
        "narHash": "sha256-izhTDFKsg6KeVBxJS9EblGeQ8y+O8eCa6RcW874vxEc=",
        "owner": "NixOS",
        "repo": "nixpkgs",
        "rev": "cf59864ef8aa2e178cccedbe2c178185b0365705",
        "type": "github"
      },
      "original": {
        "owner": "NixOS",
        "ref": "nixos-unstable",
        "repo": "nixpkgs",
        "type": "github"
      }
    },
    "nixpkgs_3": {
      "locked": {
        "lastModified": 1772433332,
        "narHash": "sha256-izhTDFKsg6KeVBxJS9EblGeQ8y+O8eCa6RcW874vxEc=",
        "owner": "NixOS",
        "repo": "nixpkgs",
        "rev": "cf59864ef8aa2e178cccedbe2c178185b0365705",
        "type": "github"
      },
      "original": {
        "owner": "NixOS",
        "ref": "nixos-unstable",
        "repo": "nixpkgs",
        "type": "github"
      }
    },
    "proprietary-vendor-samsung-e3q": {
      "flake": false,
      "locked": {
        "lastModified": 1773318506,
        "narHash": "sha256-DD28TiPPZ6dnBPR7CRuooUppVvVv07MctAxKVmA7/7I=",
        "ref": "lineage-23.2",
        "rev": "87c0932e5f14f5109520763fe21a8a7a0a241618",
        "revCount": 1,
        "type": "git",
        "url": "https://codeberg.org/samsung-sm8650/proprietary_vendor_samsung_e3q"
      },
      "original": {
        "ref": "lineage-23.2",
        "type": "git",
        "url": "https://codeberg.org/samsung-sm8650/proprietary_vendor_samsung_e3q"
      }
    },
    "proprietary-vendor-samsung-sm8650-common": {
      "flake": false,
      "locked": {
        "lastModified": 1773318690,
        "narHash": "sha256-yEnJYuZ09WRBe+V3MKWlfcHZyh566QfJmLT4WqFeRvU=",
        "ref": "lineage-23.2",
        "rev": "88e5d24009defa1f20a3635ec84032414db5c870",
        "revCount": 1,
        "type": "git",
        "url": "https://codeberg.org/samsung-sm8650/proprietary_vendor_samsung_sm8650-common"
      },
      "original": {
        "ref": "lineage-23.2",
        "type": "git",
        "url": "https://codeberg.org/samsung-sm8650/proprietary_vendor_samsung_sm8650-common"
      }
    },
    "robotnix": {
      "inputs": {
        "androidPkgs": "androidPkgs",
        "flake-compat": "flake-compat",
        "nixpkgs": "nixpkgs_3",
        "nixpkgs-nixfmt-old": "nixpkgs-nixfmt-old",
        "treefmt-nix": "treefmt-nix"
      },
      "locked": {
        "lastModified": 1786227553,
        "narHash": "sha256-Pze3Sv8rUax5Yevo9dNQZVIEg1QhRb05yNV1HpaSJBg=",
        "owner": "ungeskriptet",
        "repo": "robotnix",
        "rev": "9fa6a9295333ef0225c2e33df0ec66bb98982042",
        "type": "github"
      },
      "original": {
        "owner": "ungeskriptet",
        "ref": "lineage-update",
        "repo": "robotnix",
        "type": "github"
      }
    },
    "root": {
      "inputs": {
        "android-device-samsung-e3q": "android-device-samsung-e3q",
        "android-device-samsung-slsi-sepolicy": "android-device-samsung-slsi-sepolicy",
        "android-device-samsung-sm8650-common": "android-device-samsung-sm8650-common",
        "android-hardware-samsung": "android-hardware-samsung",
        "android-kernel-samsung-sm8650": "android-kernel-samsung-sm8650",
        "android-kernel-samsung-sm8650-devicetrees": "android-kernel-samsung-sm8650-devicetrees",
        "android-kernel-samsung-sm8650-modules": "android-kernel-samsung-sm8650-modules",
        "android-vendor-extra": "android-vendor-extra",
        "android-vendor-partner-gms": "android-vendor-partner-gms",
        "bellis": "bellis",
        "imsmedia": "imsmedia",
        "imsstack": "imsstack",
        "imsstack-carrier-config-ext": "imsstack-carrier-config-ext",
        "lindroid-drm-loopback": "lindroid-drm-loopback",
        "lindroid-external-lxc": "lindroid-external-lxc",
        "lindroid-libhybris": "lindroid-libhybris",
        "lindroid-vendor": "lindroid-vendor",
        "nixpkgs": "nixpkgs",
        "proprietary-vendor-samsung-e3q": "proprietary-vendor-samsung-e3q",
        "proprietary-vendor-samsung-sm8650-common": "proprietary-vendor-samsung-sm8650-common",
        "robotnix": "robotnix"
      }
    },
    "systems": {
      "locked": {
        "lastModified": 1681028828,
        "narHash": "sha256-Vy1rq5AaRuLzOxct8nz4T6wlgyUR7zLU309k9mBC768=",
        "owner": "nix-systems",
        "repo": "default",
        "rev": "da67096a3b9bf56a91d16901293e51ba5b49a27e",
        "type": "github"
      },
      "original": {
        "owner": "nix-systems",
        "repo": "default",
        "type": "github"
      }
    },
    "treefmt-nix": {
      "inputs": {
        "nixpkgs": [
          "robotnix",
          "nixpkgs"
        ]
      },
      "locked": {
        "lastModified": 1770228511,
        "narHash": "sha256-wQ6NJSuFqAEmIg2VMnLdCnUc0b7vslUohqqGGD+Fyxk=",
        "owner": "numtide",
        "repo": "treefmt-nix",
        "rev": "337a4fe074be1042a35086f15481d763b8ddc0e7",
        "type": "github"
      },
      "original": {
        "owner": "numtide",
        "repo": "treefmt-nix",
        "type": "github"
      }
    }
  },
  "root": "root",
  "version": 7
}
